
Microsoft Visual Studio Solution File, Format Version 12.00
# Visual Studio Version 17
VisualStudioVersion = 17.11.35208.52
MinimumVisualStudioVersion = 10.0.40219.1
Project("{FAE04EC0-301F-11D3-BF4B-00C04F79EFBC}") = "ConsoleApp2", "ConsoleApp2.csproj", "{3F49FC3D-45CC-4841-9C42-9211254E9CCF}"
EndProject
Global
	GlobalSection(SolutionConfigurationPlatforms) = preSolution
		Debug|Any CPU = Debug|Any CPU
		Release|Any CPU = Release|Any CPU
	EndGlobalSection
	GlobalSection(ProjectConfigurationPlatforms) = postSolution
		{3F49FC3D-45CC-4841-9C42-9211254E9CCF}.Debug|Any CPU.ActiveCfg = Debug|Any CPU
		{3F49FC3D-45CC-4841-9C42-9211254E9CCF}.Debug|Any CPU.Build.0 = Debug|Any CPU
		{3F49FC3D-45CC-4841-9C42-9211254E9CCF}.Release|Any CPU.ActiveCfg = Release|Any CPU
		{3F49FC3D-45CC-4841-9C42-9211254E9CCF}.Release|Any CPU.Build.0 = Release|Any CPU
	EndGlobalSection
	GlobalSection(SolutionProperties) = preSolution
		HideSolutionNode = FALSE
	EndGlobalSection
	GlobalSection(ExtensibilityGlobals) = postSolution
		SolutionGuid = {4821427C-96D8-4984-8937-DD7D795DD428}
	EndGlobalSection
EndGlobal
